
Microsoft Visual Studio Solution File, Format Version 12.00
# Visual Studio Version 17
VisualStudioVersion = 17.10.34916.146
MinimumVisualStudioVersion = 10.0.40219.1
Project("{FAE04EC0-301F-11D3-BF4B-00C04F79EFBC}") = "EAApplicationTest", "EATestAutomation\EAApplicationTest.csproj", "{2BF975FD-29E6-4F75-8E9C-35372913F8D2}"
EndProject
Project("{FAE04EC0-301F-11D3-BF4B-00C04F79EFBC}") = "EAFramework", "EAFramework\EAFramework.csproj", "{4001669A-210A-4208-81C8-FAAB62EA1146}"
EndProject
Global
	GlobalSection(SolutionConfigurationPlatforms) = preSolution
		Debug|Any CPU = Debug|Any CPU
		Release|Any CPU = Release|Any CPU
	EndGlobalSection
	GlobalSection(ProjectConfigurationPlatforms) = postSolution
		{2BF975FD-29E6-4F75-8E9C-35372913F8D2}.Debug|Any CPU.ActiveCfg = Debug|Any CPU
		{2BF975FD-29E6-4F75-8E9C-35372913F8D2}.Debug|Any CPU.Build.0 = Debug|Any CPU
		{2BF975FD-29E6-4F75-8E9C-35372913F8D2}.Release|Any CPU.ActiveCfg = Release|Any CPU
		{2BF975FD-29E6-4F75-8E9C-35372913F8D2}.Release|Any CPU.Build.0 = Release|Any CPU
		{4001669A-210A-4208-81C8-FAAB62EA1146}.Debug|Any CPU.ActiveCfg = Debug|Any CPU
		{4001669A-210A-4208-81C8-FAAB62EA1146}.Debug|Any CPU.Build.0 = Debug|Any CPU
		{4001669A-210A-4208-81C8-FAAB62EA1146}.Release|Any CPU.ActiveCfg = Release|Any CPU
		{4001669A-210A-4208-81C8-FAAB62EA1146}.Release|Any CPU.Build.0 = Release|Any CPU
	EndGlobalSection
	GlobalSection(SolutionProperties) = preSolution
		HideSolutionNode = FALSE
	EndGlobalSection
	GlobalSection(ExtensibilityGlobals) = postSolution
		SolutionGuid = {E98AD5B7-2237-4D95-9F85-24972F3D927D}
	EndGlobalSection
EndGlobal
